<?xml version="1.0" encoding="utf-8"?>
<Project ToolsVersion="4.0" xmlns="http://schemas.microsoft.com/developer/msbuild/2003">
  <ItemGroup>
    <ClCompile Include="CUDAPOCalculation.cpp">
      <Filter>源文件</Filter>
    </ClCompile>
    <ClCompile Include="CUDAPhysicalOptics.cpp">
      <Filter>源文件</Filter>
    </ClCompile>
    <ClCompile Include="Field.cpp">
      <Filter>源文件</Filter>
    </ClCompile>
    <ClCompile Include="STLMirror.cpp">
      <Filter>源文件</Filter>
    </ClCompile>
    <ClCompile Include="Matrix4D.cpp">
      <Filter>源文件</Filter>
    </ClCompile>
    <ClCompile Include="Position3D.cpp">
      <Filter>源文件</Filter>
    </ClCompile>
    <ClCompile Include="Vector3D.cpp">
      <Filter>源文件</Filter>
    </ClCompile>
    <ClCompile Include="RayTracing.cpp">
      <Filter>源文件</Filter>
    </ClCompile>
  </ItemGroup>
  <ItemGroup>
    <ClInclude Include="Constant_Val.h">
      <Filter>头文件</Filter>
    </ClInclude>
    <ClInclude Include="cuComplexVector3.h">
      <Filter>头文件</Filter>
    </ClInclude>
    <ClInclude Include="CUDAFunction.h">
      <Filter>头文件</Filter>
    </ClInclude>
    <ClInclude Include="CUDAPhysicalOptics.h">
      <Filter>头文件</Filter>
    </ClInclude>
    <ClInclude Include="CUDAPOCalculation.h">
      <Filter>头文件</Filter>
    </ClInclude>
    <ClInclude Include="cuVector3.h">
      <Filter>头文件</Filter>
    </ClInclude>
    <ClInclude Include="STLMirror.h">
      <Filter>头文件</Filter>
    </ClInclude>
    <ClInclude Include="Field.h">
      <Filter>头文件</Filter>
    </ClInclude>
    <ClInclude Include="GraphTrans.h">
      <Filter>头文件</Filter>
    </ClInclude>
    <ClInclude Include="Matrix4D.h">
      <Filter>头文件</Filter>
    </ClInclude>
    <ClInclude Include="Position3D.h">
      <Filter>头文件</Filter>
    </ClInclude>
    <ClInclude Include="Vector3D.h">
      <Filter>头文件</Filter>
    </ClInclude>
    <ClInclude Include="RayTracing.h">
      <Filter>头文件</Filter>
    </ClInclude>
    <ClInclude Include="GEMS_Memory.h">
      <Filter>头文件</Filter>
    </ClInclude>
  </ItemGroup>
  <ItemGroup>
    <Filter Include="头文件">
      <UniqueIdentifier>{e5446298-3a95-4f93-857a-c252eb0efb50}</UniqueIdentifier>
    </Filter>
    <Filter Include="源文件">
      <UniqueIdentifier>{f3f7ec79-8002-4501-ac64-55c1a60ab5a4}</UniqueIdentifier>
    </Filter>
    <Filter Include="CUDA">
      <UniqueIdentifier>{ac395749-f0ad-408a-b076-3ac49f2400eb}</UniqueIdentifier>
    </Filter>
  </ItemGroup>
  <ItemGroup>
    <CudaCompile Include="kernel.cu">
      <Filter>CUDA</Filter>
    </CudaCompile>
  </ItemGroup>
</Project>